// !$*UTF8*$!
{
	archiveVersion = 1;
	classes = {
	};
	objectVersion = 50;
	objects = {

/* Begin PBXBuildFile section */
		010A8EDF22AF4EDE00B1CEC6 /* BorderButton.swift in Sources */ = {isa = PBXBuildFile; fileRef = 010A8EDE22AF4EDE00B1CEC6 /* BorderButton.swift */; };
		010A8EE122AFA50D00B1CEC6 /* cobaViewController.swift in Sources */ = {isa = PBXBuildFile; fileRef = 010A8EE022AFA50D00B1CEC6 /* cobaViewController.swift */; };
		01454EC722B0DD45007649F6 /* LeagueVC.swift in Sources */ = {isa = PBXBuildFile; fileRef = 01454EC622B0DD45007649F6 /* LeagueVC.swift */; };
		01454EC922B0DD55007649F6 /* SkillVC.swift in Sources */ = {isa = PBXBuildFile; fileRef = 01454EC822B0DD55007649F6 /* SkillVC.swift */; };
		01454ECB22B13946007649F6 /* Player.swift in Sources */ = {isa = PBXBuildFile; fileRef = 01454ECA22B13946007649F6 /* Player.swift */; };
		01F7B52222AEB136009E7106 /* AppDelegate.swift in Sources */ = {isa = PBXBuildFile; fileRef = 01F7B52122AEB136009E7106 /* AppDelegate.swift */; };
		01F7B52422AEB136009E7106 /* WelcomeVC.swift in Sources */ = {isa = PBXBuildFile; fileRef = 01F7B52322AEB136009E7106 /* WelcomeVC.swift */; };
		01F7B52722AEB136009E7106 /* Main.storyboard in Resources */ = {isa = PBXBuildFile; fileRef = 01F7B52522AEB136009E7106 /* Main.storyboard */; };
		01F7B52922AEB137009E7106 /* Assets.xcassets in Resources */ = {isa = PBXBuildFile; fileRef = 01F7B52822AEB137009E7106 /* Assets.xcassets */; };
		01F7B52C22AEB137009E7106 /* LaunchScreen.storyboard in Resources */ = {isa = PBXBuildFile; fileRef = 01F7B52A22AEB137009E7106 /* LaunchScreen.storyboard */; };
/* End PBXBuildFile section */

/* Begin PBXFileReference section */
		010A8EDE22AF4EDE00B1CEC6 /* BorderButton.swift */ = {isa = PBXFileReference; lastKnownFileType = sourcecode.swift; path = BorderButton.swift; sourceTree = "<group>"; };
		010A8EE022AFA50D00B1CEC6 /* cobaViewController.swift */ = {isa = PBXFileReference; lastKnownFileType = sourcecode.swift; path = cobaViewController.swift; sourceTree = "<group>"; };
		01454EC622B0DD45007649F6 /* LeagueVC.swift */ = {isa = PBXFileReference; lastKnownFileType = sourcecode.swift; path = LeagueVC.swift; sourceTree = "<group>"; };
		01454EC822B0DD55007649F6 /* SkillVC.swift */ = {isa = PBXFileReference; lastKnownFileType = sourcecode.swift; path = SkillVC.swift; sourceTree = "<group>"; };
		01454ECA22B13946007649F6 /* Player.swift */ = {isa = PBXFileReference; lastKnownFileType = sourcecode.swift; path = Player.swift; sourceTree = "<group>"; };
		01F7B51E22AEB136009E7106 /* AppSwosh.app */ = {isa = PBXFileReference; explicitFileType = wrapper.application; includeInIndex = 0; path = AppSwosh.app; sourceTree = BUILT_PRODUCTS_DIR; };
		01F7B52122AEB136009E7106 /* AppDelegate.swift */ = {isa = PBXFileReference; lastKnownFileType = sourcecode.swift; path = AppDelegate.swift; sourceTree = "<group>"; };
		01F7B52322AEB136009E7106 /* WelcomeVC.swift */ = {isa = PBXFileReference; lastKnownFileType = sourcecode.swift; path = WelcomeVC.swift; sourceTree = "<group>"; };
		01F7B52622AEB136009E7106 /* Base */ = {isa = PBXFileReference; lastKnownFileType = file.storyboard; name = Base; path = Base.lproj/Main.storyboard; sourceTree = "<group>"; };
		01F7B52822AEB137009E7106 /* Assets.xcassets */ = {isa = PBXFileReference; lastKnownFileType = folder.assetcatalog; path = Assets.xcassets; sourceTree = "<group>"; };
		01F7B52B22AEB137009E7106 /* Base */ = {isa = PBXFileReference; lastKnownFileType = file.storyboard; name = Base; path = Base.lproj/LaunchScreen.storyboard; sourceTree = "<group>"; };
		01F7B52D22AEB137009E7106 /* Info.plist */ = {isa = PBXFileReference; lastKnownFileType = text.plist.xml; path = Info.plist; sourceTree = "<group>"; };
/* End PBXFileReference section */

/* Begin PBXFrameworksBuildPhase section */
		01F7B51B22AEB136009E7106 /* Frameworks */ = {
			isa = PBXFrameworksBuildPhase;
			buildActionMask = 2147483647;
			files = (
			);
			runOnlyForDeploymentPostprocessing = 0;
		};
/* End PBXFrameworksBuildPhase section */

/* Begin PBXGroup section */
		010A8EDD22AF4DF700B1CEC6 /* View */ = {
			isa = PBXGroup;
			children = (
				010A8EDE22AF4EDE00B1CEC6 /* BorderButton.swift */,
			);
			path = View;
			sourceTree = "<group>";
		};
		01454EC422B0CF9A007649F6 /* Controller */ = {
			isa = PBXGroup;
			children = (
				01F7B52322AEB136009E7106 /* WelcomeVC.swift */,
				01454EC622B0DD45007649F6 /* LeagueVC.swift */,
				01454EC822B0DD55007649F6 /* SkillVC.swift */,
			);
			path = Controller;
			sourceTree = "<group>";
		};
		01454EC522B0CFA1007649F6 /* Model */ = {
			isa = PBXGroup;
			children = (
				01454ECA22B13946007649F6 /* Player.swift */,
			);
			path = Model;
			sourceTree = "<group>";
		};
		01F7B51522AEB136009E7106 = {
			isa = PBXGroup;
			children = (
				01F7B52022AEB136009E7106 /* AppSwosh */,
				01F7B51F22AEB136009E7106 /* Products */,
			);
			sourceTree = "<group>";
		};
		01F7B51F22AEB136009E7106 /* Products */ = {
			isa = PBXGroup;
			children = (
				01F7B51E22AEB136009E7106 /* AppSwosh.app */,
			);
			name = Products;
			sourceTree = "<group>";
		};
		01F7B52022AEB136009E7106 /* AppSwosh */ = {
			isa = PBXGroup;
			children = (
				01454EC522B0CFA1007649F6 /* Model */,
				01454EC422B0CF9A007649F6 /* Controller */,
				010A8EDD22AF4DF700B1CEC6 /* View */,
				01F7B52122AEB136009E7106 /* AppDelegate.swift */,
				01F7B52522AEB136009E7106 /* Main.storyboard */,
				01F7B52822AEB137009E7106 /* Assets.xcassets */,
				01F7B52A22AEB137009E7106 /* LaunchScreen.storyboard */,
				01F7B52D22AEB137009E7106 /* Info.plist */,
				010A8EE022AFA50D00B1CEC6 /* cobaViewController.swift */,
			);
			path = AppSwosh;
			sourceTree = "<group>";
		};
/* End PBXGroup section */

/* Begin PBXNativeTarget section */
		01F7B51D22AEB136009E7106 /* AppSwosh */ = {
			isa = PBXNativeTarget;
			buildConfigurationList = 01F7B53022AEB137009E7106 /* Build configuration list for PBXNativeTarget "AppSwosh" */;
			buildPhases = (
				01F7B51A22AEB136009E7106 /* Sources */,
				01F7B51B22AEB136009E7106 /* Frameworks */,
				01F7B51C22AEB136009E7106 /* Resources */,
			);
			buildRules = (
			);
			dependencies = (
			);
			name = AppSwosh;
			productName = AppSwosh;
			productReference = 01F7B51E22AEB136009E7106 /* AppSwosh.app */;
			productType = "com.apple.product-type.application";
		};
/* End PBXNativeTarget section */

/* Begin PBXProject section */
		01F7B51622AEB136009E7106 /* Project object */ = {
			isa = PBXProject;
			attributes = {
				LastSwiftUpdateCheck = 1010;
				LastUpgradeCheck = 1010;
				ORGANIZATIONNAME = "Muhammad Iqbal Pradipta";
				TargetAttributes = {
					01F7B51D22AEB136009E7106 = {
						CreatedOnToolsVersion = 10.1;
					};
				};
			};
			buildConfigurationList = 01F7B51922AEB136009E7106 /* Build configuration list for PBXProject "AppSwosh" */;
			compatibilityVersion = "Xcode 9.3";
			developmentRegion = en;
			hasScannedForEncodings = 0;
			knownRegions = (
				en,
				Base,
			);
			mainGroup = 01F7B51522AEB136009E7106;
			productRefGroup = 01F7B51F22AEB136009E7106 /* Products */;
			projectDirPath = "";
			projectRoot = "";
			targets = (
				01F7B51D22AEB136009E7106 /* AppSwosh */,
			);
		};
/* End PBXProject section */

/* Begin PBXResourcesBuildPhase section */
		01F7B51C22AEB136009E7106 /* Resources */ = {
			isa = PBXResourcesBuildPhase;
			buildActionMask = 2147483647;
			files = (
				01F7B52C22AEB137009E7106 /* LaunchScreen.storyboard in Resources */,
				01F7B52922AEB137009E7106 /* Assets.xcassets in Resources */,
				01F7B52722AEB136009E7106 /* Main.storyboard in Resources */,
			);
			runOnlyForDeploymentPostprocessing = 0;
		};
/* End PBXResourcesBuildPhase section */

/* Begin PBXSourcesBuildPhase section */
		01F7B51A22AEB136009E7106 /* Sources */ = {
			isa = PBXSourcesBuildPhase;
			buildActionMask = 2147483647;
			files = (
				01454EC722B0DD45007649F6 /* LeagueVC.swift in Sources */,
				01F7B52422AEB136009E7106 /* WelcomeVC.swift in Sources */,
				01F7B52222AEB136009E7106 /* AppDelegate.swift in Sources */,
				010A8EDF22AF4EDE00B1CEC6 /* BorderButton.swift in Sources */,
				01454ECB22B13946007649F6 /* Player.swift in Sources */,
				01454EC922B0DD55007649F6 /* SkillVC.swift in Sources */,
				010A8EE122AFA50D00B1CEC6 /* cobaViewController.swift in Sources */,
			);
			runOnlyForDeploymentPostprocessing = 0;
		};
/* End PBXSourcesBuildPhase section */

/* Begin PBXVariantGroup section */
		01F7B52522AEB136009E7106 /* Main.storyboard */ = {
			isa = PBXVariantGroup;
			children = (
				01F7B52622AEB136009E7106 /* Base */,
			);
			name = Main.storyboard;
			sourceTree = "<group>";
		};
		01F7B52A22AEB137009E7106 /* LaunchScreen.storyboard */ = {
			isa = PBXVariantGroup;
			children = (
				01F7B52B22AEB137009E7106 /* Base */,
			);
			name = LaunchScreen.storyboard;
			sourceTree = "<group>";
		};
/* End PBXVariantGroup section */

/* Begin XCBuildConfiguration section */
		01F7B52E22AEB137009E7106 /* Debug */ = {
			isa = XCBuildConfiguration;
			buildSettings = {
				ALWAYS_SEARCH_USER_PATHS = NO;
				CLANG_ANALYZER_NONNULL = YES;
				CLANG_ANALYZER_NUMBER_OBJECT_CONVERSION = YES_AGGRESSIVE;
				CLANG_CXX_LANGUAGE_STANDARD = "gnu++14";
				CLANG_CXX_LIBRARY = "libc++";
				CLANG_ENABLE_MODULES = YES;
				CLANG_ENABLE_OBJC_ARC = YES;
				CLANG_ENABLE_OBJC_WEAK = YES;
				CLANG_WARN_BLOCK_CAPTURE_AUTORELEASING = YES;
				CLANG_WARN_BOOL_CONVERSION = YES;
				CLANG_WARN_COMMA = YES;
				CLANG_WARN_CONSTANT_CONVERSION = YES;
				CLANG_WARN_DEPRECATED_OBJC_IMPLEMENTATIONS = YES;
				CLANG_WARN_DIRECT_OBJC_ISA_USAGE = YES_ERROR;
				CLANG_WARN_DOCUMENTATION_COMMENTS = YES;
				CLANG_WARN_EMPTY_BODY = YES;
				CLANG_WARN_ENUM_CONVERSION = YES;
				CLANG_WARN_INFINITE_RECURSION = YES;
				CLANG_WARN_INT_CONVERSION = YES;
				CLANG_WARN_NON_LITERAL_NULL_CONVERSION = YES;
				CLANG_WARN_OBJC_IMPLICIT_RETAIN_SELF = YES;
				CLANG_WARN_OBJC_LITERAL_CONVERSION = YES;
				CLANG_WARN_OBJC_ROOT_CLASS = YES_ERROR;
				CLANG_WARN_RANGE_LOOP_ANALYSIS = YES;
				CLANG_WARN_STRICT_PROTOTYPES = YES;
				CLANG_WARN_SUSPICIOUS_MOVE = YES;
				CLANG_WARN_UNGUARDED_AVAILABILITY = YES_AGGRESSIVE;
				CLANG_WARN_UNREACHABLE_CODE = YES;
				CLANG_WARN__DUPLICATE_METHOD_MATCH = YES;
				CODE_SIGN_IDENTITY = "iPhone Developer";
				COPY_PHASE_STRIP = NO;
				DEBUG_INFORMATION_FORMAT = dwarf;
				ENABLE_STRICT_OBJC_MSGSEND = YES;
				ENABLE_TESTABILITY = YES;
				GCC_C_LANGUAGE_STANDARD = gnu11;
				GCC_DYNAMIC_NO_PIC = NO;
				GCC_NO_COMMON_BLOCKS = YES;
				GCC_OPTIMIZATION_LEVEL = 0;
				GCC_PREPROCESSOR_DEFINITIONS = (
					"DEBUG=1",
					"$(inherited)",
				);
				GCC_WARN_64_TO_32_BIT_CONVERSION = YES;
				GCC_WARN_ABOUT_RETURN_TYPE = YES_ERROR;
				GCC_WARN_UNDECLARED_SELECTOR = YES;
				GCC_WARN_UNINITIALIZED_AUTOS = YES_AGGRESSIVE;
				GCC_WARN_UNUSED_FUNCTION = YES;
				GCC_WARN_UNUSED_VARIABLE = YES;
				IPHONEOS_DEPLOYMENT_TARGET = 12.1;
				MTL_ENABLE_DEBUG_INFO = INCLUDE_SOURCE;
				MTL_FAST_MATH = YES;
				ONLY_ACTIVE_ARCH = YES;
				SDKROOT = iphoneos;
				SWIFT_ACTIVE_COMPILATION_CONDITIONS = DEBUG;
				SWIFT_OPTIMIZATION_LEVEL = "-Onone";
			};
			name = Debug;
		};
		01F7B52F22AEB137009E7106 /* Release */ = {
			isa = XCBuildConfiguration;
			buildSettings = {
				ALWAYS_SEARCH_USER_PATHS = NO;
				CLANG_ANALYZER_NONNULL = YES;
				CLANG_ANALYZER_NUMBER_OBJECT_CONVERSION = YES_AGGRESSIVE;
				CLANG_CXX_LANGUAGE_STANDARD = "gnu++14";
				CLANG_CXX_LIBRARY = "libc++";
				CLANG_ENABLE_MODULES = YES;
				CLANG_ENABLE_OBJC_ARC = YES;
				CLANG_ENABLE_OBJC_WEAK = YES;
				CLANG_WARN_BLOCK_CAPTURE_AUTORELEASING = YES;
				CLANG_WARN_BOOL_CONVERSION = YES;
				CLANG_WARN_COMMA = YES;
				CLANG_WARN_CONSTANT_CONVERSION = YES;
				CLANG_WARN_DEPRECATED_OBJC_IMPLEMENTATIONS = YES;
				CLANG_WARN_DIRECT_OBJC_ISA_USAGE = YES_ERROR;
				CLANG_WARN_DOCUMENTATION_COMMENTS = YES;
				CLANG_WARN_EMPTY_BODY = YES;
				CLANG_WARN_ENUM_CONVERSION = YES;
				CLANG_WARN_INFINITE_RECURSION = YES;
				CLANG_WARN_INT_CONVERSION = YES;
				CLANG_WARN_NON_LITERAL_NULL_CONVERSION = YES;
				CLANG_WARN_OBJC_IMPLICIT_RETAIN_SELF = YES;
				CLANG_WARN_OBJC_LITERAL_CONVERSION = YES;
				CLANG_WARN_OBJC_ROOT_CLASS = YES_ERROR;
				CLANG_WARN_RANGE_LOOP_ANALYSIS = YES;
				CLANG_WARN_STRICT_PROTOTYPES = YES;
				CLANG_WARN_SUSPICIOUS_MOVE = YES;
				CLANG_WARN_UNGUARDED_AVAILABILITY = YES_AGGRESSIVE;
				CLANG_WARN_UNREACHABLE_CODE = YES;
				CLANG_WARN__DUPLICATE_METHOD_MATCH = YES;
				CODE_SIGN_IDENTITY = "iPhone Developer";
				COPY_PHASE_STRIP = NO;
				DEBUG_INFORMATION_FORMAT = "dwarf-with-dsym";
				ENABLE_NS_ASSERTIONS = NO;
				ENABLE_STRICT_OBJC_MSGSEND = YES;
				GCC_C_LANGUAGE_STANDARD = gnu11;
				GCC_NO_COMMON_BLOCKS = YES;
				GCC_WARN_64_TO_32_BIT_CONVERSION = YES;
				GCC_WARN_ABOUT_RETURN_TYPE = YES_ERROR;
				GCC_WARN_UNDECLARED_SELECTOR = YES;
				GCC_WARN_UNINITIALIZED_AUTOS = YES_AGGRESSIVE;
				GCC_WARN_UNUSED_FUNCTION = YES;
				GCC_WARN_UNUSED_VARIABLE = YES;
				IPHONEOS_DEPLOYMENT_TARGET = 12.1;
				MTL_ENABLE_DEBUG_INFO = NO;
				MTL_FAST_MATH = YES;
				SDKROOT = iphoneos;
				SWIFT_COMPILATION_MODE = wholemodule;
				SWIFT_OPTIMIZATION_LEVEL = "-O";
				VALIDATE_PRODUCT = YES;
			};
			name = Release;
		};
		01F7B53122AEB137009E7106 /* Debug */ = {
			isa = XCBuildConfiguration;
			buildSettings = {
				ASSETCATALOG_COMPILER_APPICON_NAME = AppIcon;
				CODE_SIGN_STYLE = Automatic;
				INFOPLIST_FILE = AppSwosh/Info.plist;
				LD_RUNPATH_SEARCH_PATHS = (
					"$(inherited)",
					"@executable_path/Frameworks",
				);
				PRODUCT_BUNDLE_IDENTIFIER = dhuo.AppSwosh;
				PRODUCT_NAME = "$(TARGET_NAME)";
				SWIFT_VERSION = 4.2;
				TARGETED_DEVICE_FAMILY = "1,2";
			};
			name = Debug;
		};
		01F7B53222AEB137009E7106 /* Release */ = {
			isa = XCBuildConfiguration;
			buildSettings = {
				ASSETCATALOG_COMPILER_APPICON_NAME = AppIcon;
				CODE_SIGN_STYLE = Automatic;
				INFOPLIST_FILE = AppSwosh/Info.plist;
				LD_RUNPATH_SEARCH_PATHS = (
					"$(inherited)",
					"@executable_path/Frameworks",
				);
				PRODUCT_BUNDLE_IDENTIFIER = dhuo.AppSwosh;
				PRODUCT_NAME = "$(TARGET_NAME)";
				SWIFT_VERSION = 4.2;
				TARGETED_DEVICE_FAMILY = "1,2";
			};
			name = Release;
		};
/* End XCBuildConfiguration section */

/* Begin XCConfigurationList section */
		01F7B51922AEB136009E7106 /* Build configuration list for PBXProject "AppSwosh" */ = {
			isa = XCConfigurationList;
			buildConfigurations = (
				01F7B52E22AEB137009E7106 /* Debug */,
				01F7B52F22AEB137009E7106 /* Release */,
			);
			defaultConfigurationIsVisible = 0;
			defaultConfigurationName = Release;
		};
		01F7B53022AEB137009E7106 /* Build configuration list for PBXNativeTarget "AppSwosh" */ = {
			isa = XCConfigurationList;
			buildConfigurations = (
				01F7B53122AEB137009E7106 /* Debug */,
				01F7B53222AEB137009E7106 /* Release */,
			);
			defaultConfigurationIsVisible = 0;
			defaultConfigurationName = Release;
		};
/* End XCConfigurationList section */
	};
	rootObject = 01F7B51622AEB136009E7106 /* Project object */;
}
